// !$*UTF8*$!
{
	archiveVersion = 1;
	classes = {
	};
	objectVersion = 56;
	objects = {

/* Begin PBXBuildFile section */
		047029A32A0D34F50027154A /* IQKeyboardManagerSwift in Frameworks */ = {isa = PBXBuildFile; productRef = 047029A22A0D34F50027154A /* IQKeyboardManagerSwift */; };
		04A44E7529FE3EAE00919073 /* AppDelegate.swift in Sources */ = {isa = PBXBuildFile; fileRef = 04A44E7429FE3EAE00919073 /* AppDelegate.swift */; };
		04A44E7729FE3EAE00919073 /* SceneDelegate.swift in Sources */ = {isa = PBXBuildFile; fileRef = 04A44E7629FE3EAE00919073 /* SceneDelegate.swift */; };
		04A44E7929FE3EAE00919073 /* ViewController.swift in Sources */ = {isa = PBXBuildFile; fileRef = 04A44E7829FE3EAE00919073 /* ViewController.swift */; };
		04A44E7C29FE3EAE00919073 /* Main.storyboard in Resources */ = {isa = PBXBuildFile; fileRef = 04A44E7A29FE3EAE00919073 /* Main.storyboard */; };
		04A44E7F29FE3EAE00919073 /* UserCoreData.xcdatamodeld in Sources */ = {isa = PBXBuildFile; fileRef = 04A44E7D29FE3EAE00919073 /* UserCoreData.xcdatamodeld */; };
		04A44E8129FE3EB100919073 /* Assets.xcassets in Resources */ = {isa = PBXBuildFile; fileRef = 04A44E8029FE3EB100919073 /* Assets.xcassets */; };
		04A44E8429FE3EB100919073 /* LaunchScreen.storyboard in Resources */ = {isa = PBXBuildFile; fileRef = 04A44E8229FE3EB100919073 /* LaunchScreen.storyboard */; };
		04BE5D1A2A039048000AAEB6 /* DatabaseManager.swift in Sources */ = {isa = PBXBuildFile; fileRef = 04BE5D192A039048000AAEB6 /* DatabaseManager.swift */; };
		04BE5D1C2A051805000AAEB6 /* UserListViewViewController.swift in Sources */ = {isa = PBXBuildFile; fileRef = 04BE5D1B2A051805000AAEB6 /* UserListViewViewController.swift */; };
		04BE5D1F2A06302D000AAEB6 /* UiView + Extension.swift in Sources */ = {isa = PBXBuildFile; fileRef = 04BE5D1E2A06302D000AAEB6 /* UiView + Extension.swift */; };
		04BE5D212A077478000AAEB6 /* UserEntityTableCellTableViewCell.swift in Sources */ = {isa = PBXBuildFile; fileRef = 04BE5D202A077478000AAEB6 /* UserEntityTableCellTableViewCell.swift */; };
/* End PBXBuildFile section */

/* Begin PBXFileReference section */
		04A44E7129FE3EAE00919073 /* UserCoreData.app */ = {isa = PBXFileReference; explicitFileType = wrapper.application; includeInIndex = 0; path = UserCoreData.app; sourceTree = BUILT_PRODUCTS_DIR; };
		04A44E7429FE3EAE00919073 /* AppDelegate.swift */ = {isa = PBXFileReference; lastKnownFileType = sourcecode.swift; path = AppDelegate.swift; sourceTree = "<group>"; };
		04A44E7629FE3EAE00919073 /* SceneDelegate.swift */ = {isa = PBXFileReference; lastKnownFileType = sourcecode.swift; path = SceneDelegate.swift; sourceTree = "<group>"; };
		04A44E7829FE3EAE00919073 /* ViewController.swift */ = {isa = PBXFileReference; lastKnownFileType = sourcecode.swift; path = ViewController.swift; sourceTree = "<group>"; };
		04A44E7B29FE3EAE00919073 /* Base */ = {isa = PBXFileReference; lastKnownFileType = file.storyboard; name = Base; path = Base.lproj/Main.storyboard; sourceTree = "<group>"; };
		04A44E7E29FE3EAE00919073 /* UserCoreData.xcdatamodel */ = {isa = PBXFileReference; lastKnownFileType = wrapper.xcdatamodel; path = UserCoreData.xcdatamodel; sourceTree = "<group>"; };
		04A44E8029FE3EB100919073 /* Assets.xcassets */ = {isa = PBXFileReference; lastKnownFileType = folder.assetcatalog; path = Assets.xcassets; sourceTree = "<group>"; };
		04A44E8329FE3EB100919073 /* Base */ = {isa = PBXFileReference; lastKnownFileType = file.storyboard; name = Base; path = Base.lproj/LaunchScreen.storyboard; sourceTree = "<group>"; };
		04A44E8529FE3EB100919073 /* Info.plist */ = {isa = PBXFileReference; lastKnownFileType = text.plist.xml; path = Info.plist; sourceTree = "<group>"; };
		04BE5D192A039048000AAEB6 /* DatabaseManager.swift */ = {isa = PBXFileReference; lastKnownFileType = sourcecode.swift; path = DatabaseManager.swift; sourceTree = "<group>"; };
		04BE5D1B2A051805000AAEB6 /* UserListViewViewController.swift */ = {isa = PBXFileReference; lastKnownFileType = sourcecode.swift; path = UserListViewViewController.swift; sourceTree = "<group>"; };
		04BE5D1E2A06302D000AAEB6 /* UiView + Extension.swift */ = {isa = PBXFileReference; lastKnownFileType = sourcecode.swift; path = "UiView + Extension.swift"; sourceTree = "<group>"; };
		04BE5D202A077478000AAEB6 /* UserEntityTableCellTableViewCell.swift */ = {isa = PBXFileReference; lastKnownFileType = sourcecode.swift; path = UserEntityTableCellTableViewCell.swift; sourceTree = "<group>"; };
/* End PBXFileReference section */

/* Begin PBXFrameworksBuildPhase section */
		04A44E6E29FE3EAE00919073 /* Frameworks */ = {
			isa = PBXFrameworksBuildPhase;
			buildActionMask = 2147483647;
			files = (
				047029A32A0D34F50027154A /* IQKeyboardManagerSwift in Frameworks */,
			);
			runOnlyForDeploymentPostprocessing = 0;
		};
/* End PBXFrameworksBuildPhase section */

/* Begin PBXGroup section */
		04A44E6829FE3EAE00919073 = {
			isa = PBXGroup;
			children = (
				04A44E7329FE3EAE00919073 /* UserCoreData */,
				04A44E7229FE3EAE00919073 /* Products */,
			);
			sourceTree = "<group>";
		};
		04A44E7229FE3EAE00919073 /* Products */ = {
			isa = PBXGroup;
			children = (
				04A44E7129FE3EAE00919073 /* UserCoreData.app */,
			);
			name = Products;
			sourceTree = "<group>";
		};
		04A44E7329FE3EAE00919073 /* UserCoreData */ = {
			isa = PBXGroup;
			children = (
				04BE5D1D2A063014000AAEB6 /* Extensions */,
				04A44E7429FE3EAE00919073 /* AppDelegate.swift */,
				04A44E7629FE3EAE00919073 /* SceneDelegate.swift */,
				04BE5D192A039048000AAEB6 /* DatabaseManager.swift */,
				04BE5D1B2A051805000AAEB6 /* UserListViewViewController.swift */,
				04A44E7829FE3EAE00919073 /* ViewController.swift */,
				04A44E7A29FE3EAE00919073 /* Main.storyboard */,
				04A44E8029FE3EB100919073 /* Assets.xcassets */,
				04A44E8229FE3EB100919073 /* LaunchScreen.storyboard */,
				04A44E8529FE3EB100919073 /* Info.plist */,
				04A44E7D29FE3EAE00919073 /* UserCoreData.xcdatamodeld */,
				04BE5D202A077478000AAEB6 /* UserEntityTableCellTableViewCell.swift */,
			);
			path = UserCoreData;
			sourceTree = "<group>";
		};
		04BE5D1D2A063014000AAEB6 /* Extensions */ = {
			isa = PBXGroup;
			children = (
				04BE5D1E2A06302D000AAEB6 /* UiView + Extension.swift */,
			);
			path = Extensions;
			sourceTree = "<group>";
		};
/* End PBXGroup section */

/* Begin PBXNativeTarget section */
		04A44E7029FE3EAE00919073 /* UserCoreData */ = {
			isa = PBXNativeTarget;
			buildConfigurationList = 04A44E8829FE3EB100919073 /* Build configuration list for PBXNativeTarget "UserCoreData" */;
			buildPhases = (
				04A44E6D29FE3EAE00919073 /* Sources */,
				04A44E6E29FE3EAE00919073 /* Frameworks */,
				04A44E6F29FE3EAE00919073 /* Resources */,
			);
			buildRules = (
			);
			dependencies = (
			);
			name = UserCoreData;
			packageProductDependencies = (
				047029A22A0D34F50027154A /* IQKeyboardManagerSwift */,
			);
			productName = UserCoreData;
			productReference = 04A44E7129FE3EAE00919073 /* UserCoreData.app */;
			productType = "com.apple.product-type.application";
		};
/* End PBXNativeTarget section */

/* Begin PBXProject section */
		04A44E6929FE3EAE00919073 /* Project object */ = {
			isa = PBXProject;
			attributes = {
				BuildIndependentTargetsInParallel = 1;
				LastSwiftUpdateCheck = 1410;
				LastUpgradeCheck = 1410;
				TargetAttributes = {
					04A44E7029FE3EAE00919073 = {
						CreatedOnToolsVersion = 14.1;
					};
				};
			};
			buildConfigurationList = 04A44E6C29FE3EAE00919073 /* Build configuration list for PBXProject "UserCoreData" */;
			compatibilityVersion = "Xcode 14.0";
			developmentRegion = en;
			hasScannedForEncodings = 0;
			knownRegions = (
				en,
				Base,
			);
			mainGroup = 04A44E6829FE3EAE00919073;
			packageReferences = (
				047029A12A0D34F50027154A /* XCRemoteSwiftPackageReference "IQKeyboardManager" */,
			);
			productRefGroup = 04A44E7229FE3EAE00919073 /* Products */;
			projectDirPath = "";
			projectRoot = "";
			targets = (
				04A44E7029FE3EAE00919073 /* UserCoreData */,
			);
		};
/* End PBXProject section */

/* Begin PBXResourcesBuildPhase section */
		04A44E6F29FE3EAE00919073 /* Resources */ = {
			isa = PBXResourcesBuildPhase;
			buildActionMask = 2147483647;
			files = (
				04A44E8429FE3EB100919073 /* LaunchScreen.storyboard in Resources */,
				04A44E8129FE3EB100919073 /* Assets.xcassets in Resources */,
				04A44E7C29FE3EAE00919073 /* Main.storyboard in Resources */,
			);
			runOnlyForDeploymentPostprocessing = 0;
		};
/* End PBXResourcesBuildPhase section */

/* Begin PBXSourcesBuildPhase section */
		04A44E6D29FE3EAE00919073 /* Sources */ = {
			isa = PBXSourcesBuildPhase;
			buildActionMask = 2147483647;
			files = (
				04BE5D212A077478000AAEB6 /* UserEntityTableCellTableViewCell.swift in Sources */,
				04A44E7929FE3EAE00919073 /* ViewController.swift in Sources */,
				04A44E7529FE3EAE00919073 /* AppDelegate.swift in Sources */,
				04BE5D1C2A051805000AAEB6 /* UserListViewViewController.swift in Sources */,
				04BE5D1A2A039048000AAEB6 /* DatabaseManager.swift in Sources */,
				04A44E7729FE3EAE00919073 /* SceneDelegate.swift in Sources */,
				04BE5D1F2A06302D000AAEB6 /* UiView + Extension.swift in Sources */,
				04A44E7F29FE3EAE00919073 /* UserCoreData.xcdatamodeld in Sources */,
			);
			runOnlyForDeploymentPostprocessing = 0;
		};
/* End PBXSourcesBuildPhase section */

/* Begin PBXVariantGroup section */
		04A44E7A29FE3EAE00919073 /* Main.storyboard */ = {
			isa = PBXVariantGroup;
			children = (
				04A44E7B29FE3EAE00919073 /* Base */,
			);
			name = Main.storyboard;
			sourceTree = "<group>";
		};
		04A44E8229FE3EB100919073 /* LaunchScreen.storyboard */ = {
			isa = PBXVariantGroup;
			children = (
				04A44E8329FE3EB100919073 /* Base */,
			);
			name = LaunchScreen.storyboard;
			sourceTree = "<group>";
		};
/* End PBXVariantGroup section */

/* Begin XCBuildConfiguration section */
		04A44E8629FE3EB100919073 /* Debug */ = {
			isa = XCBuildConfiguration;
			buildSettings = {
				ALWAYS_SEARCH_USER_PATHS = NO;
				CLANG_ANALYZER_NONNULL = YES;
				CLANG_ANALYZER_NUMBER_OBJECT_CONVERSION = YES_AGGRESSIVE;
				CLANG_CXX_LANGUAGE_STANDARD = "gnu++20";
				CLANG_ENABLE_MODULES = YES;
				CLANG_ENABLE_OBJC_ARC = YES;
				CLANG_ENABLE_OBJC_WEAK = YES;
				CLANG_WARN_BLOCK_CAPTURE_AUTORELEASING = YES;
				CLANG_WARN_BOOL_CONVERSION = YES;
				CLANG_WARN_COMMA = YES;
				CLANG_WARN_CONSTANT_CONVERSION = YES;
				CLANG_WARN_DEPRECATED_OBJC_IMPLEMENTATIONS = YES;
				CLANG_WARN_DIRECT_OBJC_ISA_USAGE = YES_ERROR;
				CLANG_WARN_DOCUMENTATION_COMMENTS = YES;
				CLANG_WARN_EMPTY_BODY = YES;
				CLANG_WARN_ENUM_CONVERSION = YES;
				CLANG_WARN_INFINITE_RECURSION = YES;
				CLANG_WARN_INT_CONVERSION = YES;
				CLANG_WARN_NON_LITERAL_NULL_CONVERSION = YES;
				CLANG_WARN_OBJC_IMPLICIT_RETAIN_SELF = YES;
				CLANG_WARN_OBJC_LITERAL_CONVERSION = YES;
				CLANG_WARN_OBJC_ROOT_CLASS = YES_ERROR;
				CLANG_WARN_QUOTED_INCLUDE_IN_FRAMEWORK_HEADER = YES;
				CLANG_WARN_RANGE_LOOP_ANALYSIS = YES;
				CLANG_WARN_STRICT_PROTOTYPES = YES;
				CLANG_WARN_SUSPICIOUS_MOVE = YES;
				CLANG_WARN_UNGUARDED_AVAILABILITY = YES_AGGRESSIVE;
				CLANG_WARN_UNREACHABLE_CODE = YES;
				CLANG_WARN__DUPLICATE_METHOD_MATCH = YES;
				COPY_PHASE_STRIP = NO;
				DEBUG_INFORMATION_FORMAT = dwarf;
				ENABLE_STRICT_OBJC_MSGSEND = YES;
				ENABLE_TESTABILITY = YES;
				GCC_C_LANGUAGE_STANDARD = gnu11;
				GCC_DYNAMIC_NO_PIC = NO;
				GCC_NO_COMMON_BLOCKS = YES;
				GCC_OPTIMIZATION_LEVEL = 0;
				GCC_PREPROCESSOR_DEFINITIONS = (
					"DEBUG=1",
					"$(inherited)",
				);
				GCC_WARN_64_TO_32_BIT_CONVERSION = YES;
				GCC_WARN_ABOUT_RETURN_TYPE = YES_ERROR;
				GCC_WARN_UNDECLARED_SELECTOR = YES;
				GCC_WARN_UNINITIALIZED_AUTOS = YES_AGGRESSIVE;
				GCC_WARN_UNUSED_FUNCTION = YES;
				GCC_WARN_UNUSED_VARIABLE = YES;
				IPHONEOS_DEPLOYMENT_TARGET = 16.1;
				MTL_ENABLE_DEBUG_INFO = INCLUDE_SOURCE;
				MTL_FAST_MATH = YES;
				ONLY_ACTIVE_ARCH = YES;
				SDKROOT = iphoneos;
				SWIFT_ACTIVE_COMPILATION_CONDITIONS = DEBUG;
				SWIFT_OPTIMIZATION_LEVEL = "-Onone";
			};
			name = Debug;
		};
		04A44E8729FE3EB100919073 /* Release */ = {
			isa = XCBuildConfiguration;
			buildSettings = {
				ALWAYS_SEARCH_USER_PATHS = NO;
				CLANG_ANALYZER_NONNULL = YES;
				CLANG_ANALYZER_NUMBER_OBJECT_CONVERSION = YES_AGGRESSIVE;
				CLANG_CXX_LANGUAGE_STANDARD = "gnu++20";
				CLANG_ENABLE_MODULES = YES;
				CLANG_ENABLE_OBJC_ARC = YES;
				CLANG_ENABLE_OBJC_WEAK = YES;
				CLANG_WARN_BLOCK_CAPTURE_AUTORELEASING = YES;
				CLANG_WARN_BOOL_CONVERSION = YES;
				CLANG_WARN_COMMA = YES;
				CLANG_WARN_CONSTANT_CONVERSION = YES;
				CLANG_WARN_DEPRECATED_OBJC_IMPLEMENTATIONS = YES;
				CLANG_WARN_DIRECT_OBJC_ISA_USAGE = YES_ERROR;
				CLANG_WARN_DOCUMENTATION_COMMENTS = YES;
				CLANG_WARN_EMPTY_BODY = YES;
				CLANG_WARN_ENUM_CONVERSION = YES;
				CLANG_WARN_INFINITE_RECURSION = YES;
				CLANG_WARN_INT_CONVERSION = YES;
				CLANG_WARN_NON_LITERAL_NULL_CONVERSION = YES;
				CLANG_WARN_OBJC_IMPLICIT_RETAIN_SELF = YES;
				CLANG_WARN_OBJC_LITERAL_CONVERSION = YES;
				CLANG_WARN_OBJC_ROOT_CLASS = YES_ERROR;
				CLANG_WARN_QUOTED_INCLUDE_IN_FRAMEWORK_HEADER = YES;
				CLANG_WARN_RANGE_LOOP_ANALYSIS = YES;
				CLANG_WARN_STRICT_PROTOTYPES = YES;
				CLANG_WARN_SUSPICIOUS_MOVE = YES;
				CLANG_WARN_UNGUARDED_AVAILABILITY = YES_AGGRESSIVE;
				CLANG_WARN_UNREACHABLE_CODE = YES;
				CLANG_WARN__DUPLICATE_METHOD_MATCH = YES;
				COPY_PHASE_STRIP = NO;
				DEBUG_INFORMATION_FORMAT = "dwarf-with-dsym";
				ENABLE_NS_ASSERTIONS = NO;
				ENABLE_STRICT_OBJC_MSGSEND = YES;
				GCC_C_LANGUAGE_STANDARD = gnu11;
				GCC_NO_COMMON_BLOCKS = YES;
				GCC_WARN_64_TO_32_BIT_CONVERSION = YES;
				GCC_WARN_ABOUT_RETURN_TYPE = YES_ERROR;
				GCC_WARN_UNDECLARED_SELECTOR = YES;
				GCC_WARN_UNINITIALIZED_AUTOS = YES_AGGRESSIVE;
				GCC_WARN_UNUSED_FUNCTION = YES;
				GCC_WARN_UNUSED_VARIABLE = YES;
				IPHONEOS_DEPLOYMENT_TARGET = 16.1;
				MTL_ENABLE_DEBUG_INFO = NO;
				MTL_FAST_MATH = YES;
				SDKROOT = iphoneos;
				SWIFT_COMPILATION_MODE = wholemodule;
				SWIFT_OPTIMIZATION_LEVEL = "-O";
				VALIDATE_PRODUCT = YES;
			};
			name = Release;
		};
		04A44E8929FE3EB100919073 /* Debug */ = {
			isa = XCBuildConfiguration;
			buildSettings = {
				ASSETCATALOG_COMPILER_APPICON_NAME = AppIcon;
				ASSETCATALOG_COMPILER_GLOBAL_ACCENT_COLOR_NAME = AccentColor;
				CODE_SIGN_STYLE = Automatic;
				CURRENT_PROJECT_VERSION = 1;
				DEVELOPMENT_TEAM = 3KB9H7FNZB;
				GENERATE_INFOPLIST_FILE = YES;
				INFOPLIST_FILE = UserCoreData/Info.plist;
				INFOPLIST_KEY_UIApplicationSupportsIndirectInputEvents = YES;
				INFOPLIST_KEY_UILaunchStoryboardName = LaunchScreen;
				INFOPLIST_KEY_UIMainStoryboardFile = Main;
				INFOPLIST_KEY_UISupportedInterfaceOrientations_iPad = "UIInterfaceOrientationPortrait UIInterfaceOrientationPortraitUpsideDown UIInterfaceOrientationLandscapeLeft UIInterfaceOrientationLandscapeRight";
				INFOPLIST_KEY_UISupportedInterfaceOrientations_iPhone = "UIInterfaceOrientationPortrait UIInterfaceOrientationLandscapeLeft UIInterfaceOrientationLandscapeRight";
				LD_RUNPATH_SEARCH_PATHS = (
					"$(inherited)",
					"@executable_path/Frameworks",
				);
				MARKETING_VERSION = 1.0;
				PRODUCT_BUNDLE_IDENTIFIER = com.sadia.UserCoreData;
				PRODUCT_NAME = "$(TARGET_NAME)";
				SWIFT_EMIT_LOC_STRINGS = YES;
				SWIFT_VERSION = 5.0;
				TARGETED_DEVICE_FAMILY = "1,2";
			};
			name = Debug;
		};
		04A44E8A29FE3EB100919073 /* Release */ = {
			isa = XCBuildConfiguration;
			buildSettings = {
				ASSETCATALOG_COMPILER_APPICON_NAME = AppIcon;
				ASSETCATALOG_COMPILER_GLOBAL_ACCENT_COLOR_NAME = AccentColor;
				CODE_SIGN_STYLE = Automatic;
				CURRENT_PROJECT_VERSION = 1;
				DEVELOPMENT_TEAM = 3KB9H7FNZB;
				GENERATE_INFOPLIST_FILE = YES;
				INFOPLIST_FILE = UserCoreData/Info.plist;
				INFOPLIST_KEY_UIApplicationSupportsIndirectInputEvents = YES;
				INFOPLIST_KEY_UILaunchStoryboardName = LaunchScreen;
				INFOPLIST_KEY_UIMainStoryboardFile = Main;
				INFOPLIST_KEY_UISupportedInterfaceOrientations_iPad = "UIInterfaceOrientationPortrait UIInterfaceOrientationPortraitUpsideDown UIInterfaceOrientationLandscapeLeft UIInterfaceOrientationLandscapeRight";
				INFOPLIST_KEY_UISupportedInterfaceOrientations_iPhone = "UIInterfaceOrientationPortrait UIInterfaceOrientationLandscapeLeft UIInterfaceOrientationLandscapeRight";
				LD_RUNPATH_SEARCH_PATHS = (
					"$(inherited)",
					"@executable_path/Frameworks",
				);
				MARKETING_VERSION = 1.0;
				PRODUCT_BUNDLE_IDENTIFIER = com.sadia.UserCoreData;
				PRODUCT_NAME = "$(TARGET_NAME)";
				SWIFT_EMIT_LOC_STRINGS = YES;
				SWIFT_VERSION = 5.0;
				TARGETED_DEVICE_FAMILY = "1,2";
			};
			name = Release;
		};
/* End XCBuildConfiguration section */

/* Begin XCConfigurationList section */
		04A44E6C29FE3EAE00919073 /* Build configuration list for PBXProject "UserCoreData" */ = {
			isa = XCConfigurationList;
			buildConfigurations = (
				04A44E8629FE3EB100919073 /* Debug */,
				04A44E8729FE3EB100919073 /* Release */,
			);
			defaultConfigurationIsVisible = 0;
			defaultConfigurationName = Release;
		};
		04A44E8829FE3EB100919073 /* Build configuration list for PBXNativeTarget "UserCoreData" */ = {
			isa = XCConfigurationList;
			buildConfigurations = (
				04A44E8929FE3EB100919073 /* Debug */,
				04A44E8A29FE3EB100919073 /* Release */,
			);
			defaultConfigurationIsVisible = 0;
			defaultConfigurationName = Release;
		};
/* End XCConfigurationList section */

/* Begin XCRemoteSwiftPackageReference section */
		047029A12A0D34F50027154A /* XCRemoteSwiftPackageReference "IQKeyboardManager" */ = {
			isa = XCRemoteSwiftPackageReference;
			repositoryURL = "https://github.com/hackiftekhar/IQKeyboardManager.git";
			requirement = {
				branch = master;
				kind = branch;
			};
		};
/* End XCRemoteSwiftPackageReference section */

/* Begin XCSwiftPackageProductDependency section */
		047029A22A0D34F50027154A /* IQKeyboardManagerSwift */ = {
			isa = XCSwiftPackageProductDependency;
			package = 047029A12A0D34F50027154A /* XCRemoteSwiftPackageReference "IQKeyboardManager" */;
			productName = IQKeyboardManagerSwift;
		};
/* End XCSwiftPackageProductDependency section */

/* Begin XCVersionGroup section */
		04A44E7D29FE3EAE00919073 /* UserCoreData.xcdatamodeld */ = {
			isa = XCVersionGroup;
			children = (
				04A44E7E29FE3EAE00919073 /* UserCoreData.xcdatamodel */,
			);
			currentVersion = 04A44E7E29FE3EAE00919073 /* UserCoreData.xcdatamodel */;
			path = UserCoreData.xcdatamodeld;
			sourceTree = "<group>";
			versionGroupType = wrapper.xcdatamodel;
		};
/* End XCVersionGroup section */
	};
	rootObject = 04A44E6929FE3EAE00919073 /* Project object */;
}
